// !$*UTF8*$!
{
	archiveVersion = 1;
	classes = {
	};
	objectVersion = 77;
	objects = {

/* Begin PBXBuildFile section */
		BD0EA53F2D717468005667A4 /* VideoCaptureVC.swift in Sources */ = {isa = PBXBuildFile; fileRef = BD0EA53E2D717468005667A4 /* VideoCaptureVC.swift */; };
		BD0EA5412D7174E4005667A4 /* VideoCaptureShowVC.swift in Sources */ = {isa = PBXBuildFile; fileRef = BD0EA5402D7174E4005667A4 /* VideoCaptureShowVC.swift */; };
		BD0EA6502D71D2E5005667A4 /* MusicBottomSheetVC.swift in Sources */ = {isa = PBXBuildFile; fileRef = BD0EA64F2D71D2E5005667A4 /* MusicBottomSheetVC.swift */; };
		BD9C78C52D6EED7D00BFBE7F /* VideoTrimmerThumb.swift in Sources */ = {isa = PBXBuildFile; fileRef = BD9C78C42D6EED7D00BFBE7F /* VideoTrimmerThumb.swift */; };
		BD9C78C72D6EED9D00BFBE7F /* VideoTrimmer.swift in Sources */ = {isa = PBXBuildFile; fileRef = BD9C78C62D6EED9D00BFBE7F /* VideoTrimmer.swift */; };
		BD9C78CE2D6F155400BFBE7F /* Sad.mp3 in Resources */ = {isa = PBXBuildFile; fileRef = BD9C78CC2D6F155400BFBE7F /* Sad.mp3 */; };
		BD9C78CF2D6F155400BFBE7F /* ArjitSingh.mp3 in Resources */ = {isa = PBXBuildFile; fileRef = BD9C78C92D6F155400BFBE7F /* ArjitSingh.mp3 */; };
		BD9C78D02D6F155400BFBE7F /* Love.mp3 in Resources */ = {isa = PBXBuildFile; fileRef = BD9C78CB2D6F155400BFBE7F /* Love.mp3 */; };
		BD9C78D12D6F155400BFBE7F /* VedhaDialogue.mp3 in Resources */ = {isa = PBXBuildFile; fileRef = BD9C78CD2D6F155400BFBE7F /* VedhaDialogue.mp3 */; };
		BD9C78D22D6F155400BFBE7F /* Attitude.mp3 in Resources */ = {isa = PBXBuildFile; fileRef = BD9C78CA2D6F155400BFBE7F /* Attitude.mp3 */; };
		BD9C78D62D6F346C00BFBE7F /* Extension.swift in Sources */ = {isa = PBXBuildFile; fileRef = BD9C78D52D6F346C00BFBE7F /* Extension.swift */; };
		BD9C78D82D6F39D700BFBE7F /* File.swift in Sources */ = {isa = PBXBuildFile; fileRef = BD9C78D72D6F39D600BFBE7F /* File.swift */; };
		BDB4622A2D6ECB6F006158D7 /* AppDelegate.swift in Sources */ = {isa = PBXBuildFile; fileRef = BDB462202D6ECB6F006158D7 /* AppDelegate.swift */; };
		BDB4622B2D6ECB6F006158D7 /* SceneDelegate.swift in Sources */ = {isa = PBXBuildFile; fileRef = BDB462272D6ECB6F006158D7 /* SceneDelegate.swift */; };
		BDB4622C2D6ECB6F006158D7 /* VideoEditingVC.swift in Sources */ = {isa = PBXBuildFile; fileRef = BDB462282D6ECB6F006158D7 /* VideoEditingVC.swift */; };
		BDB4622D2D6ECB6F006158D7 /* Assets.xcassets in Resources */ = {isa = PBXBuildFile; fileRef = BDB462212D6ECB6F006158D7 /* Assets.xcassets */; };
		BDB4622F2D6ECB6F006158D7 /* LaunchScreen.storyboard in Resources */ = {isa = PBXBuildFile; fileRef = BDB462242D6ECB6F006158D7 /* LaunchScreen.storyboard */; };
		BDB462302D6ECB6F006158D7 /* Main.storyboard in Resources */ = {isa = PBXBuildFile; fileRef = BDB462262D6ECB6F006158D7 /* Main.storyboard */; };
		BDB462332D6ECB72006158D7 /* VideoEditingTests.swift in Sources */ = {isa = PBXBuildFile; fileRef = BDB462312D6ECB72006158D7 /* VideoEditingTests.swift */; };
		BDB462372D6ECB75006158D7 /* VideoEditingUITests.swift in Sources */ = {isa = PBXBuildFile; fileRef = BDB462342D6ECB75006158D7 /* VideoEditingUITests.swift */; };
		BDB462382D6ECB75006158D7 /* VideoEditingUITestsLaunchTests.swift in Sources */ = {isa = PBXBuildFile; fileRef = BDB462352D6ECB75006158D7 /* VideoEditingUITestsLaunchTests.swift */; };
		BDC7EE152D701EA8001AFEA7 /* VideoFilterVC.swift in Sources */ = {isa = PBXBuildFile; fileRef = BDC7EE142D701EA8001AFEA7 /* VideoFilterVC.swift */; };
		BDC7EE172D7035BE001AFEA7 /* VideoTextVC.swift in Sources */ = {isa = PBXBuildFile; fileRef = BDC7EE162D7035BE001AFEA7 /* VideoTextVC.swift */; };
		BDC7EE1A2D7037B4001AFEA7 /* TextEditorView.swift in Sources */ = {isa = PBXBuildFile; fileRef = BDC7EE182D7037B4001AFEA7 /* TextEditorView.swift */; };
		BDC7EE1B2D7037B4001AFEA7 /* DraggableTextView.swift in Sources */ = {isa = PBXBuildFile; fileRef = BDC7EE192D7037B4001AFEA7 /* DraggableTextView.swift */; };
		BDC7EE1D2D7060BB001AFEA7 /* VideoSpeedVC.swift in Sources */ = {isa = PBXBuildFile; fileRef = BDC7EE1C2D7060BB001AFEA7 /* VideoSpeedVC.swift */; };
		BDC7EE1F2D706519001AFEA7 /* HomeVC.swift in Sources */ = {isa = PBXBuildFile; fileRef = BDC7EE1E2D706519001AFEA7 /* HomeVC.swift */; };
		BDC7EE212D70766A001AFEA7 /* VideoCroppingVC.swift in Sources */ = {isa = PBXBuildFile; fileRef = BDC7EE202D70766A001AFEA7 /* VideoCroppingVC.swift */; };
		BDC7EE232D7079BA001AFEA7 /* VideoStickerVC.swift in Sources */ = {isa = PBXBuildFile; fileRef = BDC7EE222D7079BA001AFEA7 /* VideoStickerVC.swift */; };
		BDC7EE262D707AE6001AFEA7 /* DraggableStickerView.swift in Sources */ = {isa = PBXBuildFile; fileRef = BDC7EE252D707AE6001AFEA7 /* DraggableStickerView.swift */; };
		BDC7EE272D707AE6001AFEA7 /* StickerBottomView.swift in Sources */ = {isa = PBXBuildFile; fileRef = BDC7EE242D707AE6001AFEA7 /* StickerBottomView.swift */; };
		BDC7EE292D707B12001AFEA7 /* StickerCell.swift in Sources */ = {isa = PBXBuildFile; fileRef = BDC7EE282D707B12001AFEA7 /* StickerCell.swift */; };
		BDC7EE2B2D708967001AFEA7 /* MusicCell.swift in Sources */ = {isa = PBXBuildFile; fileRef = BDC7EE2A2D708967001AFEA7 /* MusicCell.swift */; };
/* End PBXBuildFile section */

/* Begin PBXContainerItemProxy section */
		BDB462032D6ECB69006158D7 /* PBXContainerItemProxy */ = {
			isa = PBXContainerItemProxy;
			containerPortal = BDB461E42D6ECB67006158D7 /* Project object */;
			proxyType = 1;
			remoteGlobalIDString = BDB461EB2D6ECB67006158D7;
			remoteInfo = VideoEditing;
		};
		BDB4620D2D6ECB69006158D7 /* PBXContainerItemProxy */ = {
			isa = PBXContainerItemProxy;
			containerPortal = BDB461E42D6ECB67006158D7 /* Project object */;
			proxyType = 1;
			remoteGlobalIDString = BDB461EB2D6ECB67006158D7;
			remoteInfo = VideoEditing;
		};
/* End PBXContainerItemProxy section */

/* Begin PBXFileReference section */
		BD0EA53E2D717468005667A4 /* VideoCaptureVC.swift */ = {isa = PBXFileReference; lastKnownFileType = sourcecode.swift; path = VideoCaptureVC.swift; sourceTree = "<group>"; };
		BD0EA5402D7174E4005667A4 /* VideoCaptureShowVC.swift */ = {isa = PBXFileReference; lastKnownFileType = sourcecode.swift; path = VideoCaptureShowVC.swift; sourceTree = "<group>"; };
		BD0EA64F2D71D2E5005667A4 /* MusicBottomSheetVC.swift */ = {isa = PBXFileReference; lastKnownFileType = sourcecode.swift; path = MusicBottomSheetVC.swift; sourceTree = "<group>"; };
		BD9C78C42D6EED7D00BFBE7F /* VideoTrimmerThumb.swift */ = {isa = PBXFileReference; lastKnownFileType = sourcecode.swift; path = VideoTrimmerThumb.swift; sourceTree = "<group>"; };
		BD9C78C62D6EED9D00BFBE7F /* VideoTrimmer.swift */ = {isa = PBXFileReference; lastKnownFileType = sourcecode.swift; path = VideoTrimmer.swift; sourceTree = "<group>"; };
		BD9C78C92D6F155400BFBE7F /* ArjitSingh.mp3 */ = {isa = PBXFileReference; lastKnownFileType = audio.mp3; path = ArjitSingh.mp3; sourceTree = "<group>"; };
		BD9C78CA2D6F155400BFBE7F /* Attitude.mp3 */ = {isa = PBXFileReference; lastKnownFileType = audio.mp3; path = Attitude.mp3; sourceTree = "<group>"; };
		BD9C78CB2D6F155400BFBE7F /* Love.mp3 */ = {isa = PBXFileReference; lastKnownFileType = audio.mp3; path = Love.mp3; sourceTree = "<group>"; };
		BD9C78CC2D6F155400BFBE7F /* Sad.mp3 */ = {isa = PBXFileReference; lastKnownFileType = audio.mp3; path = Sad.mp3; sourceTree = "<group>"; };
		BD9C78CD2D6F155400BFBE7F /* VedhaDialogue.mp3 */ = {isa = PBXFileReference; lastKnownFileType = audio.mp3; path = VedhaDialogue.mp3; sourceTree = "<group>"; };
		BD9C78D52D6F346C00BFBE7F /* Extension.swift */ = {isa = PBXFileReference; lastKnownFileType = sourcecode.swift; path = Extension.swift; sourceTree = "<group>"; };
		BD9C78D72D6F39D600BFBE7F /* File.swift */ = {isa = PBXFileReference; lastKnownFileType = sourcecode.swift; path = File.swift; sourceTree = "<group>"; };
		BDB461EC2D6ECB67006158D7 /* VideoEditing.app */ = {isa = PBXFileReference; explicitFileType = wrapper.application; includeInIndex = 0; path = VideoEditing.app; sourceTree = BUILT_PRODUCTS_DIR; };
		BDB462022D6ECB69006158D7 /* VideoEditingTests.xctest */ = {isa = PBXFileReference; explicitFileType = wrapper.cfbundle; includeInIndex = 0; path = VideoEditingTests.xctest; sourceTree = BUILT_PRODUCTS_DIR; };
		BDB4620C2D6ECB69006158D7 /* VideoEditingUITests.xctest */ = {isa = PBXFileReference; explicitFileType = wrapper.cfbundle; includeInIndex = 0; path = VideoEditingUITests.xctest; sourceTree = BUILT_PRODUCTS_DIR; };
		BDB462202D6ECB6F006158D7 /* AppDelegate.swift */ = {isa = PBXFileReference; lastKnownFileType = sourcecode.swift; path = AppDelegate.swift; sourceTree = "<group>"; };
		BDB462212D6ECB6F006158D7 /* Assets.xcassets */ = {isa = PBXFileReference; lastKnownFileType = folder.assetcatalog; path = Assets.xcassets; sourceTree = "<group>"; };
		BDB462222D6ECB6F006158D7 /* Info.plist */ = {isa = PBXFileReference; lastKnownFileType = text.plist.xml; path = Info.plist; sourceTree = "<group>"; };
		BDB462232D6ECB6F006158D7 /* Base */ = {isa = PBXFileReference; lastKnownFileType = file.storyboard; name = Base; path = Base.lproj/LaunchScreen.storyboard; sourceTree = "<group>"; };
		BDB462252D6ECB6F006158D7 /* Base */ = {isa = PBXFileReference; lastKnownFileType = file.storyboard; name = Base; path = Base.lproj/Main.storyboard; sourceTree = "<group>"; };
		BDB462272D6ECB6F006158D7 /* SceneDelegate.swift */ = {isa = PBXFileReference; lastKnownFileType = sourcecode.swift; path = SceneDelegate.swift; sourceTree = "<group>"; };
		BDB462282D6ECB6F006158D7 /* VideoEditingVC.swift */ = {isa = PBXFileReference; lastKnownFileType = sourcecode.swift; path = VideoEditingVC.swift; sourceTree = "<group>"; };
		BDB462312D6ECB72006158D7 /* VideoEditingTests.swift */ = {isa = PBXFileReference; lastKnownFileType = sourcecode.swift; path = VideoEditingTests.swift; sourceTree = "<group>"; };
		BDB462342D6ECB75006158D7 /* VideoEditingUITests.swift */ = {isa = PBXFileReference; lastKnownFileType = sourcecode.swift; path = VideoEditingUITests.swift; sourceTree = "<group>"; };
		BDB462352D6ECB75006158D7 /* VideoEditingUITestsLaunchTests.swift */ = {isa = PBXFileReference; lastKnownFileType = sourcecode.swift; path = VideoEditingUITestsLaunchTests.swift; sourceTree = "<group>"; };
		BDC7EE142D701EA8001AFEA7 /* VideoFilterVC.swift */ = {isa = PBXFileReference; lastKnownFileType = sourcecode.swift; path = VideoFilterVC.swift; sourceTree = "<group>"; };
		BDC7EE162D7035BE001AFEA7 /* VideoTextVC.swift */ = {isa = PBXFileReference; lastKnownFileType = sourcecode.swift; path = VideoTextVC.swift; sourceTree = "<group>"; };
		BDC7EE182D7037B4001AFEA7 /* TextEditorView.swift */ = {isa = PBXFileReference; lastKnownFileType = sourcecode.swift; path = TextEditorView.swift; sourceTree = "<group>"; };
		BDC7EE192D7037B4001AFEA7 /* DraggableTextView.swift */ = {isa = PBXFileReference; lastKnownFileType = sourcecode.swift; path = DraggableTextView.swift; sourceTree = "<group>"; };
		BDC7EE1C2D7060BB001AFEA7 /* VideoSpeedVC.swift */ = {isa = PBXFileReference; lastKnownFileType = sourcecode.swift; path = VideoSpeedVC.swift; sourceTree = "<group>"; };
		BDC7EE1E2D706519001AFEA7 /* HomeVC.swift */ = {isa = PBXFileReference; lastKnownFileType = sourcecode.swift; path = HomeVC.swift; sourceTree = "<group>"; };
		BDC7EE202D70766A001AFEA7 /* VideoCroppingVC.swift */ = {isa = PBXFileReference; lastKnownFileType = sourcecode.swift; path = VideoCroppingVC.swift; sourceTree = "<group>"; };
		BDC7EE222D7079BA001AFEA7 /* VideoStickerVC.swift */ = {isa = PBXFileReference; lastKnownFileType = sourcecode.swift; path = VideoStickerVC.swift; sourceTree = "<group>"; };
		BDC7EE242D707AE6001AFEA7 /* StickerBottomView.swift */ = {isa = PBXFileReference; lastKnownFileType = sourcecode.swift; path = StickerBottomView.swift; sourceTree = "<group>"; };
		BDC7EE252D707AE6001AFEA7 /* DraggableStickerView.swift */ = {isa = PBXFileReference; lastKnownFileType = sourcecode.swift; path = DraggableStickerView.swift; sourceTree = "<group>"; };
		BDC7EE282D707B12001AFEA7 /* StickerCell.swift */ = {isa = PBXFileReference; lastKnownFileType = sourcecode.swift; path = StickerCell.swift; sourceTree = "<group>"; };
		BDC7EE2A2D708967001AFEA7 /* MusicCell.swift */ = {isa = PBXFileReference; lastKnownFileType = sourcecode.swift; path = MusicCell.swift; sourceTree = "<group>"; };
/* End PBXFileReference section */

/* Begin PBXFrameworksBuildPhase section */
		BDB461E92D6ECB67006158D7 /* Frameworks */ = {
			isa = PBXFrameworksBuildPhase;
			buildActionMask = 2147483647;
			files = (
			);
			runOnlyForDeploymentPostprocessing = 0;
		};
		BDB461FF2D6ECB69006158D7 /* Frameworks */ = {
			isa = PBXFrameworksBuildPhase;
			buildActionMask = 2147483647;
			files = (
			);
			runOnlyForDeploymentPostprocessing = 0;
		};
		BDB462092D6ECB69006158D7 /* Frameworks */ = {
			isa = PBXFrameworksBuildPhase;
			buildActionMask = 2147483647;
			files = (
			);
			runOnlyForDeploymentPostprocessing = 0;
		};
/* End PBXFrameworksBuildPhase section */

/* Begin PBXGroup section */
		BD9C78C82D6F154200BFBE7F /* Music */ = {
			isa = PBXGroup;
			children = (
				BD9C78C92D6F155400BFBE7F /* ArjitSingh.mp3 */,
				BD9C78CA2D6F155400BFBE7F /* Attitude.mp3 */,
				BD9C78CB2D6F155400BFBE7F /* Love.mp3 */,
				BD9C78CC2D6F155400BFBE7F /* Sad.mp3 */,
				BD9C78CD2D6F155400BFBE7F /* VedhaDialogue.mp3 */,
			);
			path = Music;
			sourceTree = "<group>";
		};
		BDB461E32D6ECB67006158D7 = {
			isa = PBXGroup;
			children = (
				BDB462292D6ECB6F006158D7 /* VideoEditing */,
				BDB462322D6ECB72006158D7 /* VideoEditingTests */,
				BDB462362D6ECB75006158D7 /* VideoEditingUITests */,
				BDB461ED2D6ECB67006158D7 /* Products */,
			);
			sourceTree = "<group>";
		};
		BDB461ED2D6ECB67006158D7 /* Products */ = {
			isa = PBXGroup;
			children = (
				BDB461EC2D6ECB67006158D7 /* VideoEditing.app */,
				BDB462022D6ECB69006158D7 /* VideoEditingTests.xctest */,
				BDB4620C2D6ECB69006158D7 /* VideoEditingUITests.xctest */,
			);
			name = Products;
			sourceTree = "<group>";
		};
		BDB462292D6ECB6F006158D7 /* VideoEditing */ = {
			isa = PBXGroup;
			children = (
				BDB462202D6ECB6F006158D7 /* AppDelegate.swift */,
				BDB462272D6ECB6F006158D7 /* SceneDelegate.swift */,
				BDC7EE1E2D706519001AFEA7 /* HomeVC.swift */,
				BD9C78C62D6EED9D00BFBE7F /* VideoTrimmer.swift */,
				BD9C78C42D6EED7D00BFBE7F /* VideoTrimmerThumb.swift */,
				BDC7EE202D70766A001AFEA7 /* VideoCroppingVC.swift */,
				BDC7EE162D7035BE001AFEA7 /* VideoTextVC.swift */,
				BDC7EE182D7037B4001AFEA7 /* TextEditorView.swift */,
				BDC7EE192D7037B4001AFEA7 /* DraggableTextView.swift */,
				BDC7EE1C2D7060BB001AFEA7 /* VideoSpeedVC.swift */,
				BDB462282D6ECB6F006158D7 /* VideoEditingVC.swift */,
				BDC7EE2A2D708967001AFEA7 /* MusicCell.swift */,
				BDC7EE222D7079BA001AFEA7 /* VideoStickerVC.swift */,
				BDC7EE242D707AE6001AFEA7 /* StickerBottomView.swift */,
				BDC7EE252D707AE6001AFEA7 /* DraggableStickerView.swift */,
				BDC7EE282D707B12001AFEA7 /* StickerCell.swift */,
				BDC7EE142D701EA8001AFEA7 /* VideoFilterVC.swift */,
				BD9C78D52D6F346C00BFBE7F /* Extension.swift */,
				BD9C78D72D6F39D600BFBE7F /* File.swift */,
				BD9C78C82D6F154200BFBE7F /* Music */,
				BDB462262D6ECB6F006158D7 /* Main.storyboard */,
				BD0EA53E2D717468005667A4 /* VideoCaptureVC.swift */,
				BD0EA64F2D71D2E5005667A4 /* MusicBottomSheetVC.swift */,
				BD0EA5402D7174E4005667A4 /* VideoCaptureShowVC.swift */,
				BDB462242D6ECB6F006158D7 /* LaunchScreen.storyboard */,
				BDB462222D6ECB6F006158D7 /* Info.plist */,
				BDB462212D6ECB6F006158D7 /* Assets.xcassets */,
			);
			path = VideoEditing;
			sourceTree = "<group>";
		};
		BDB462322D6ECB72006158D7 /* VideoEditingTests */ = {
			isa = PBXGroup;
			children = (
				BDB462312D6ECB72006158D7 /* VideoEditingTests.swift */,
			);
			path = VideoEditingTests;
			sourceTree = "<group>";
		};
		BDB462362D6ECB75006158D7 /* VideoEditingUITests */ = {
			isa = PBXGroup;
			children = (
				BDB462342D6ECB75006158D7 /* VideoEditingUITests.swift */,
				BDB462352D6ECB75006158D7 /* VideoEditingUITestsLaunchTests.swift */,
			);
			path = VideoEditingUITests;
			sourceTree = "<group>";
		};
/* End PBXGroup section */

/* Begin PBXNativeTarget section */
		BDB461EB2D6ECB67006158D7 /* VideoEditing */ = {
			isa = PBXNativeTarget;
			buildConfigurationList = BDB462152D6ECB69006158D7 /* Build configuration list for PBXNativeTarget "VideoEditing" */;
			buildPhases = (
				BDB461E82D6ECB67006158D7 /* Sources */,
				BDB461E92D6ECB67006158D7 /* Frameworks */,
				BDB461EA2D6ECB67006158D7 /* Resources */,
			);
			buildRules = (
			);
			dependencies = (
			);
			name = VideoEditing;
			packageProductDependencies = (
			);
			productName = VideoEditing;
			productReference = BDB461EC2D6ECB67006158D7 /* VideoEditing.app */;
			productType = "com.apple.product-type.application";
		};
		BDB462012D6ECB69006158D7 /* VideoEditingTests */ = {
			isa = PBXNativeTarget;
			buildConfigurationList = BDB4621A2D6ECB69006158D7 /* Build configuration list for PBXNativeTarget "VideoEditingTests" */;
			buildPhases = (
				BDB461FE2D6ECB69006158D7 /* Sources */,
				BDB461FF2D6ECB69006158D7 /* Frameworks */,
				BDB462002D6ECB69006158D7 /* Resources */,
			);
			buildRules = (
			);
			dependencies = (
				BDB462042D6ECB69006158D7 /* PBXTargetDependency */,
			);
			name = VideoEditingTests;
			packageProductDependencies = (
			);
			productName = VideoEditingTests;
			productReference = BDB462022D6ECB69006158D7 /* VideoEditingTests.xctest */;
			productType = "com.apple.product-type.bundle.unit-test";
		};
		BDB4620B2D6ECB69006158D7 /* VideoEditingUITests */ = {
			isa = PBXNativeTarget;
			buildConfigurationList = BDB4621D2D6ECB69006158D7 /* Build configuration list for PBXNativeTarget "VideoEditingUITests" */;
			buildPhases = (
				BDB462082D6ECB69006158D7 /* Sources */,
				BDB462092D6ECB69006158D7 /* Frameworks */,
				BDB4620A2D6ECB69006158D7 /* Resources */,
			);
			buildRules = (
			);
			dependencies = (
				BDB4620E2D6ECB69006158D7 /* PBXTargetDependency */,
			);
			name = VideoEditingUITests;
			packageProductDependencies = (
			);
			productName = VideoEditingUITests;
			productReference = BDB4620C2D6ECB69006158D7 /* VideoEditingUITests.xctest */;
			productType = "com.apple.product-type.bundle.ui-testing";
		};
/* End PBXNativeTarget section */

/* Begin PBXProject section */
		BDB461E42D6ECB67006158D7 /* Project object */ = {
			isa = PBXProject;
			attributes = {
				BuildIndependentTargetsInParallel = 1;
				LastSwiftUpdateCheck = 1620;
				LastUpgradeCheck = 1620;
				TargetAttributes = {
					BDB461EB2D6ECB67006158D7 = {
						CreatedOnToolsVersion = 16.2;
					};
					BDB462012D6ECB69006158D7 = {
						CreatedOnToolsVersion = 16.2;
						TestTargetID = BDB461EB2D6ECB67006158D7;
					};
					BDB4620B2D6ECB69006158D7 = {
						CreatedOnToolsVersion = 16.2;
						TestTargetID = BDB461EB2D6ECB67006158D7;
					};
				};
			};
			buildConfigurationList = BDB461E72D6ECB67006158D7 /* Build configuration list for PBXProject "VideoEditing" */;
			developmentRegion = en;
			hasScannedForEncodings = 0;
			knownRegions = (
				en,
				Base,
			);
			mainGroup = BDB461E32D6ECB67006158D7;
			minimizedProjectReferenceProxies = 1;
			preferredProjectObjectVersion = 77;
			productRefGroup = BDB461ED2D6ECB67006158D7 /* Products */;
			projectDirPath = "";
			projectRoot = "";
			targets = (
				BDB461EB2D6ECB67006158D7 /* VideoEditing */,
				BDB462012D6ECB69006158D7 /* VideoEditingTests */,
				BDB4620B2D6ECB69006158D7 /* VideoEditingUITests */,
			);
		};
/* End PBXProject section */

/* Begin PBXResourcesBuildPhase section */
		BDB461EA2D6ECB67006158D7 /* Resources */ = {
			isa = PBXResourcesBuildPhase;
			buildActionMask = 2147483647;
			files = (
				BDB4622D2D6ECB6F006158D7 /* Assets.xcassets in Resources */,
				BD9C78CE2D6F155400BFBE7F /* Sad.mp3 in Resources */,
				BD9C78CF2D6F155400BFBE7F /* ArjitSingh.mp3 in Resources */,
				BD9C78D02D6F155400BFBE7F /* Love.mp3 in Resources */,
				BD9C78D12D6F155400BFBE7F /* VedhaDialogue.mp3 in Resources */,
				BD9C78D22D6F155400BFBE7F /* Attitude.mp3 in Resources */,
				BDB4622F2D6ECB6F006158D7 /* LaunchScreen.storyboard in Resources */,
				BDB462302D6ECB6F006158D7 /* Main.storyboard in Resources */,
			);
			runOnlyForDeploymentPostprocessing = 0;
		};
		BDB462002D6ECB69006158D7 /* Resources */ = {
			isa = PBXResourcesBuildPhase;
			buildActionMask = 2147483647;
			files = (
			);
			runOnlyForDeploymentPostprocessing = 0;
		};
		BDB4620A2D6ECB69006158D7 /* Resources */ = {
			isa = PBXResourcesBuildPhase;
			buildActionMask = 2147483647;
			files = (
			);
			runOnlyForDeploymentPostprocessing = 0;
		};
/* End PBXResourcesBuildPhase section */

/* Begin PBXSourcesBuildPhase section */
		BDB461E82D6ECB67006158D7 /* Sources */ = {
			isa = PBXSourcesBuildPhase;
			buildActionMask = 2147483647;
			files = (
				BD9C78C72D6EED9D00BFBE7F /* VideoTrimmer.swift in Sources */,
				BD0EA6502D71D2E5005667A4 /* MusicBottomSheetVC.swift in Sources */,
				BDC7EE292D707B12001AFEA7 /* StickerCell.swift in Sources */,
				BDC7EE1A2D7037B4001AFEA7 /* TextEditorView.swift in Sources */,
				BDC7EE212D70766A001AFEA7 /* VideoCroppingVC.swift in Sources */,
				BDC7EE1D2D7060BB001AFEA7 /* VideoSpeedVC.swift in Sources */,
				BDC7EE2B2D708967001AFEA7 /* MusicCell.swift in Sources */,
				BDC7EE1B2D7037B4001AFEA7 /* DraggableTextView.swift in Sources */,
				BD0EA53F2D717468005667A4 /* VideoCaptureVC.swift in Sources */,
				BDC7EE262D707AE6001AFEA7 /* DraggableStickerView.swift in Sources */,
				BDC7EE272D707AE6001AFEA7 /* StickerBottomView.swift in Sources */,
				BDC7EE1F2D706519001AFEA7 /* HomeVC.swift in Sources */,
				BD0EA5412D7174E4005667A4 /* VideoCaptureShowVC.swift in Sources */,
				BDB4622A2D6ECB6F006158D7 /* AppDelegate.swift in Sources */,
				BDC7EE232D7079BA001AFEA7 /* VideoStickerVC.swift in Sources */,
				BD9C78D82D6F39D700BFBE7F /* File.swift in Sources */,
				BD9C78C52D6EED7D00BFBE7F /* VideoTrimmerThumb.swift in Sources */,
				BDC7EE152D701EA8001AFEA7 /* VideoFilterVC.swift in Sources */,
				BD9C78D62D6F346C00BFBE7F /* Extension.swift in Sources */,
				BDC7EE172D7035BE001AFEA7 /* VideoTextVC.swift in Sources */,
				BDB4622B2D6ECB6F006158D7 /* SceneDelegate.swift in Sources */,
				BDB4622C2D6ECB6F006158D7 /* VideoEditingVC.swift in Sources */,
			);
			runOnlyForDeploymentPostprocessing = 0;
		};
		BDB461FE2D6ECB69006158D7 /* Sources */ = {
			isa = PBXSourcesBuildPhase;
			buildActionMask = 2147483647;
			files = (
				BDB462332D6ECB72006158D7 /* VideoEditingTests.swift in Sources */,
			);
			runOnlyForDeploymentPostprocessing = 0;
		};
		BDB462082D6ECB69006158D7 /* Sources */ = {
			isa = PBXSourcesBuildPhase;
			buildActionMask = 2147483647;
			files = (
				BDB462372D6ECB75006158D7 /* VideoEditingUITests.swift in Sources */,
				BDB462382D6ECB75006158D7 /* VideoEditingUITestsLaunchTests.swift in Sources */,
			);
			runOnlyForDeploymentPostprocessing = 0;
		};
/* End PBXSourcesBuildPhase section */

/* Begin PBXTargetDependency section */
		BDB462042D6ECB69006158D7 /* PBXTargetDependency */ = {
			isa = PBXTargetDependency;
			target = BDB461EB2D6ECB67006158D7 /* VideoEditing */;
			targetProxy = BDB462032D6ECB69006158D7 /* PBXContainerItemProxy */;
		};
		BDB4620E2D6ECB69006158D7 /* PBXTargetDependency */ = {
			isa = PBXTargetDependency;
			target = BDB461EB2D6ECB67006158D7 /* VideoEditing */;
			targetProxy = BDB4620D2D6ECB69006158D7 /* PBXContainerItemProxy */;
		};
/* End PBXTargetDependency section */

/* Begin PBXVariantGroup section */
		BDB462242D6ECB6F006158D7 /* LaunchScreen.storyboard */ = {
			isa = PBXVariantGroup;
			children = (
				BDB462232D6ECB6F006158D7 /* Base */,
			);
			name = LaunchScreen.storyboard;
			sourceTree = "<group>";
		};
		BDB462262D6ECB6F006158D7 /* Main.storyboard */ = {
			isa = PBXVariantGroup;
			children = (
				BDB462252D6ECB6F006158D7 /* Base */,
			);
			name = Main.storyboard;
			sourceTree = "<group>";
		};
/* End PBXVariantGroup section */

/* Begin XCBuildConfiguration section */
		BDB462162D6ECB69006158D7 /* Debug */ = {
			isa = XCBuildConfiguration;
			buildSettings = {
				ASSETCATALOG_COMPILER_APPICON_NAME = AppIcon;
				ASSETCATALOG_COMPILER_GLOBAL_ACCENT_COLOR_NAME = AccentColor;
				CODE_SIGN_STYLE = Automatic;
				CURRENT_PROJECT_VERSION = 1;
				DEVELOPMENT_TEAM = 32BBNXD889;
				GENERATE_INFOPLIST_FILE = YES;
				INFOPLIST_FILE = VideoEditing/Info.plist;
				INFOPLIST_KEY_UIApplicationSupportsIndirectInputEvents = YES;
				INFOPLIST_KEY_UILaunchStoryboardName = LaunchScreen;
				INFOPLIST_KEY_UIMainStoryboardFile = Main;
				INFOPLIST_KEY_UISupportedInterfaceOrientations_iPad = "UIInterfaceOrientationPortrait UIInterfaceOrientationPortraitUpsideDown UIInterfaceOrientationLandscapeLeft UIInterfaceOrientationLandscapeRight";
				INFOPLIST_KEY_UISupportedInterfaceOrientations_iPhone = "UIInterfaceOrientationPortrait UIInterfaceOrientationLandscapeLeft UIInterfaceOrientationLandscapeRight";
				IPHONEOS_DEPLOYMENT_TARGET = 14.0;
				LD_RUNPATH_SEARCH_PATHS = (
					"$(inherited)",
					"@executable_path/Frameworks",
				);
				MARKETING_VERSION = 1.0;
				PRODUCT_BUNDLE_IDENTIFIER = com.VideoEditing;
				PRODUCT_NAME = "$(TARGET_NAME)";
				SWIFT_EMIT_LOC_STRINGS = YES;
				SWIFT_VERSION = 5.0;
				TARGETED_DEVICE_FAMILY = "1,2";
			};
			name = Debug;
		};
		BDB462172D6ECB69006158D7 /* Release */ = {
			isa = XCBuildConfiguration;
			buildSettings = {
				ASSETCATALOG_COMPILER_APPICON_NAME = AppIcon;
				ASSETCATALOG_COMPILER_GLOBAL_ACCENT_COLOR_NAME = AccentColor;
				CODE_SIGN_STYLE = Automatic;
				CURRENT_PROJECT_VERSION = 1;
				DEVELOPMENT_TEAM = 32BBNXD889;
				GENERATE_INFOPLIST_FILE = YES;
				INFOPLIST_FILE = VideoEditing/Info.plist;
				INFOPLIST_KEY_UIApplicationSupportsIndirectInputEvents = YES;
				INFOPLIST_KEY_UILaunchStoryboardName = LaunchScreen;
				INFOPLIST_KEY_UIMainStoryboardFile = Main;
				INFOPLIST_KEY_UISupportedInterfaceOrientations_iPad = "UIInterfaceOrientationPortrait UIInterfaceOrientationPortraitUpsideDown UIInterfaceOrientationLandscapeLeft UIInterfaceOrientationLandscapeRight";
				INFOPLIST_KEY_UISupportedInterfaceOrientations_iPhone = "UIInterfaceOrientationPortrait UIInterfaceOrientationLandscapeLeft UIInterfaceOrientationLandscapeRight";
				IPHONEOS_DEPLOYMENT_TARGET = 14.0;
				LD_RUNPATH_SEARCH_PATHS = (
					"$(inherited)",
					"@executable_path/Frameworks",
				);
				MARKETING_VERSION = 1.0;
				PRODUCT_BUNDLE_IDENTIFIER = com.VideoEditing;
				PRODUCT_NAME = "$(TARGET_NAME)";
				SWIFT_EMIT_LOC_STRINGS = YES;
				SWIFT_VERSION = 5.0;
				TARGETED_DEVICE_FAMILY = "1,2";
			};
			name = Release;
		};
		BDB462182D6ECB69006158D7 /* Debug */ = {
			isa = XCBuildConfiguration;
			buildSettings = {
				ALWAYS_SEARCH_USER_PATHS = NO;
				ASSETCATALOG_COMPILER_GENERATE_SWIFT_ASSET_SYMBOL_EXTENSIONS = YES;
				CLANG_ANALYZER_NONNULL = YES;
				CLANG_ANALYZER_NUMBER_OBJECT_CONVERSION = YES_AGGRESSIVE;
				CLANG_CXX_LANGUAGE_STANDARD = "gnu++20";
				CLANG_ENABLE_MODULES = YES;
				CLANG_ENABLE_OBJC_ARC = YES;
				CLANG_ENABLE_OBJC_WEAK = YES;
				CLANG_WARN_BLOCK_CAPTURE_AUTORELEASING = YES;
				CLANG_WARN_BOOL_CONVERSION = YES;
				CLANG_WARN_COMMA = YES;
				CLANG_WARN_CONSTANT_CONVERSION = YES;
				CLANG_WARN_DEPRECATED_OBJC_IMPLEMENTATIONS = YES;
				CLANG_WARN_DIRECT_OBJC_ISA_USAGE = YES_ERROR;
				CLANG_WARN_DOCUMENTATION_COMMENTS = YES;
				CLANG_WARN_EMPTY_BODY = YES;
				CLANG_WARN_ENUM_CONVERSION = YES;
				CLANG_WARN_INFINITE_RECURSION = YES;
				CLANG_WARN_INT_CONVERSION = YES;
				CLANG_WARN_NON_LITERAL_NULL_CONVERSION = YES;
				CLANG_WARN_OBJC_IMPLICIT_RETAIN_SELF = YES;
				CLANG_WARN_OBJC_LITERAL_CONVERSION = YES;
				CLANG_WARN_OBJC_ROOT_CLASS = YES_ERROR;
				CLANG_WARN_QUOTED_INCLUDE_IN_FRAMEWORK_HEADER = YES;
				CLANG_WARN_RANGE_LOOP_ANALYSIS = YES;
				CLANG_WARN_STRICT_PROTOTYPES = YES;
				CLANG_WARN_SUSPICIOUS_MOVE = YES;
				CLANG_WARN_UNGUARDED_AVAILABILITY = YES_AGGRESSIVE;
				CLANG_WARN_UNREACHABLE_CODE = YES;
				CLANG_WARN__DUPLICATE_METHOD_MATCH = YES;
				COPY_PHASE_STRIP = NO;
				DEBUG_INFORMATION_FORMAT = dwarf;
				ENABLE_STRICT_OBJC_MSGSEND = YES;
				ENABLE_TESTABILITY = YES;
				ENABLE_USER_SCRIPT_SANDBOXING = YES;
				GCC_C_LANGUAGE_STANDARD = gnu17;
				GCC_DYNAMIC_NO_PIC = NO;
				GCC_NO_COMMON_BLOCKS = YES;
				GCC_OPTIMIZATION_LEVEL = 0;
				GCC_PREPROCESSOR_DEFINITIONS = (
					"DEBUG=1",
					"$(inherited)",
				);
				GCC_WARN_64_TO_32_BIT_CONVERSION = YES;
				GCC_WARN_ABOUT_RETURN_TYPE = YES_ERROR;
				GCC_WARN_UNDECLARED_SELECTOR = YES;
				GCC_WARN_UNINITIALIZED_AUTOS = YES_AGGRESSIVE;
				GCC_WARN_UNUSED_FUNCTION = YES;
				GCC_WARN_UNUSED_VARIABLE = YES;
				IPHONEOS_DEPLOYMENT_TARGET = 18.0;
				LOCALIZATION_PREFERS_STRING_CATALOGS = YES;
				MTL_ENABLE_DEBUG_INFO = INCLUDE_SOURCE;
				MTL_FAST_MATH = YES;
				ONLY_ACTIVE_ARCH = YES;
				SDKROOT = iphoneos;
				SWIFT_ACTIVE_COMPILATION_CONDITIONS = "DEBUG $(inherited)";
				SWIFT_OPTIMIZATION_LEVEL = "-Onone";
			};
			name = Debug;
		};
		BDB462192D6ECB69006158D7 /* Release */ = {
			isa = XCBuildConfiguration;
			buildSettings = {
				ALWAYS_SEARCH_USER_PATHS = NO;
				ASSETCATALOG_COMPILER_GENERATE_SWIFT_ASSET_SYMBOL_EXTENSIONS = YES;
				CLANG_ANALYZER_NONNULL = YES;
				CLANG_ANALYZER_NUMBER_OBJECT_CONVERSION = YES_AGGRESSIVE;
				CLANG_CXX_LANGUAGE_STANDARD = "gnu++20";
				CLANG_ENABLE_MODULES = YES;
				CLANG_ENABLE_OBJC_ARC = YES;
				CLANG_ENABLE_OBJC_WEAK = YES;
				CLANG_WARN_BLOCK_CAPTURE_AUTORELEASING = YES;
				CLANG_WARN_BOOL_CONVERSION = YES;
				CLANG_WARN_COMMA = YES;
				CLANG_WARN_CONSTANT_CONVERSION = YES;
				CLANG_WARN_DEPRECATED_OBJC_IMPLEMENTATIONS = YES;
				CLANG_WARN_DIRECT_OBJC_ISA_USAGE = YES_ERROR;
				CLANG_WARN_DOCUMENTATION_COMMENTS = YES;
				CLANG_WARN_EMPTY_BODY = YES;
				CLANG_WARN_ENUM_CONVERSION = YES;
				CLANG_WARN_INFINITE_RECURSION = YES;
				CLANG_WARN_INT_CONVERSION = YES;
				CLANG_WARN_NON_LITERAL_NULL_CONVERSION = YES;
				CLANG_WARN_OBJC_IMPLICIT_RETAIN_SELF = YES;
				CLANG_WARN_OBJC_LITERAL_CONVERSION = YES;
				CLANG_WARN_OBJC_ROOT_CLASS = YES_ERROR;
				CLANG_WARN_QUOTED_INCLUDE_IN_FRAMEWORK_HEADER = YES;
				CLANG_WARN_RANGE_LOOP_ANALYSIS = YES;
				CLANG_WARN_STRICT_PROTOTYPES = YES;
				CLANG_WARN_SUSPICIOUS_MOVE = YES;
				CLANG_WARN_UNGUARDED_AVAILABILITY = YES_AGGRESSIVE;
				CLANG_WARN_UNREACHABLE_CODE = YES;
				CLANG_WARN__DUPLICATE_METHOD_MATCH = YES;
				COPY_PHASE_STRIP = NO;
				DEBUG_INFORMATION_FORMAT = "dwarf-with-dsym";
				ENABLE_NS_ASSERTIONS = NO;
				ENABLE_STRICT_OBJC_MSGSEND = YES;
				ENABLE_USER_SCRIPT_SANDBOXING = YES;
				GCC_C_LANGUAGE_STANDARD = gnu17;
				GCC_NO_COMMON_BLOCKS = YES;
				GCC_WARN_64_TO_32_BIT_CONVERSION = YES;
				GCC_WARN_ABOUT_RETURN_TYPE = YES_ERROR;
				GCC_WARN_UNDECLARED_SELECTOR = YES;
				GCC_WARN_UNINITIALIZED_AUTOS = YES_AGGRESSIVE;
				GCC_WARN_UNUSED_FUNCTION = YES;
				GCC_WARN_UNUSED_VARIABLE = YES;
				IPHONEOS_DEPLOYMENT_TARGET = 18.0;
				LOCALIZATION_PREFERS_STRING_CATALOGS = YES;
				MTL_ENABLE_DEBUG_INFO = NO;
				MTL_FAST_MATH = YES;
				SDKROOT = iphoneos;
				SWIFT_COMPILATION_MODE = wholemodule;
				VALIDATE_PRODUCT = YES;
			};
			name = Release;
		};
		BDB4621B2D6ECB69006158D7 /* Debug */ = {
			isa = XCBuildConfiguration;
			buildSettings = {
				BUNDLE_LOADER = "$(TEST_HOST)";
				CODE_SIGN_STYLE = Automatic;
				CURRENT_PROJECT_VERSION = 1;
				DEVELOPMENT_TEAM = 32BBNXD889;
				GENERATE_INFOPLIST_FILE = YES;
				IPHONEOS_DEPLOYMENT_TARGET = 14.0;
				MARKETING_VERSION = 1.0;
				PRODUCT_BUNDLE_IDENTIFIER = com.VideoEditingTests;
				PRODUCT_NAME = "$(TARGET_NAME)";
				SWIFT_EMIT_LOC_STRINGS = NO;
				SWIFT_VERSION = 5.0;
				TARGETED_DEVICE_FAMILY = "1,2";
				TEST_HOST = "$(BUILT_PRODUCTS_DIR)/VideoEditing.app/$(BUNDLE_EXECUTABLE_FOLDER_PATH)/VideoEditing";
			};
			name = Debug;
		};
		BDB4621C2D6ECB69006158D7 /* Release */ = {
			isa = XCBuildConfiguration;
			buildSettings = {
				BUNDLE_LOADER = "$(TEST_HOST)";
				CODE_SIGN_STYLE = Automatic;
				CURRENT_PROJECT_VERSION = 1;
				DEVELOPMENT_TEAM = 32BBNXD889;
				GENERATE_INFOPLIST_FILE = YES;
				IPHONEOS_DEPLOYMENT_TARGET = 14.0;
				MARKETING_VERSION = 1.0;
				PRODUCT_BUNDLE_IDENTIFIER = com.VideoEditingTests;
				PRODUCT_NAME = "$(TARGET_NAME)";
				SWIFT_EMIT_LOC_STRINGS = NO;
				SWIFT_VERSION = 5.0;
				TARGETED_DEVICE_FAMILY = "1,2";
				TEST_HOST = "$(BUILT_PRODUCTS_DIR)/VideoEditing.app/$(BUNDLE_EXECUTABLE_FOLDER_PATH)/VideoEditing";
			};
			name = Release;
		};
		BDB4621E2D6ECB69006158D7 /* Debug */ = {
			isa = XCBuildConfiguration;
			buildSettings = {
				CODE_SIGN_STYLE = Automatic;
				CURRENT_PROJECT_VERSION = 1;
				DEVELOPMENT_TEAM = 32BBNXD889;
				GENERATE_INFOPLIST_FILE = YES;
				IPHONEOS_DEPLOYMENT_TARGET = 14.0;
				MARKETING_VERSION = 1.0;
				PRODUCT_BUNDLE_IDENTIFIER = com.VideoEditingUITests;
				PRODUCT_NAME = "$(TARGET_NAME)";
				SWIFT_EMIT_LOC_STRINGS = NO;
				SWIFT_VERSION = 5.0;
				TARGETED_DEVICE_FAMILY = "1,2";
				TEST_TARGET_NAME = VideoEditing;
			};
			name = Debug;
		};
		BDB4621F2D6ECB69006158D7 /* Release */ = {
			isa = XCBuildConfiguration;
			buildSettings = {
				CODE_SIGN_STYLE = Automatic;
				CURRENT_PROJECT_VERSION = 1;
				DEVELOPMENT_TEAM = 32BBNXD889;
				GENERATE_INFOPLIST_FILE = YES;
				IPHONEOS_DEPLOYMENT_TARGET = 14.0;
				MARKETING_VERSION = 1.0;
				PRODUCT_BUNDLE_IDENTIFIER = com.VideoEditingUITests;
				PRODUCT_NAME = "$(TARGET_NAME)";
				SWIFT_EMIT_LOC_STRINGS = NO;
				SWIFT_VERSION = 5.0;
				TARGETED_DEVICE_FAMILY = "1,2";
				TEST_TARGET_NAME = VideoEditing;
			};
			name = Release;
		};
/* End XCBuildConfiguration section */

/* Begin XCConfigurationList section */
		BDB461E72D6ECB67006158D7 /* Build configuration list for PBXProject "VideoEditing" */ = {
			isa = XCConfigurationList;
			buildConfigurations = (
				BDB462182D6ECB69006158D7 /* Debug */,
				BDB462192D6ECB69006158D7 /* Release */,
			);
			defaultConfigurationIsVisible = 0;
			defaultConfigurationName = Release;
		};
		BDB462152D6ECB69006158D7 /* Build configuration list for PBXNativeTarget "VideoEditing" */ = {
			isa = XCConfigurationList;
			buildConfigurations = (
				BDB462162D6ECB69006158D7 /* Debug */,
				BDB462172D6ECB69006158D7 /* Release */,
			);
			defaultConfigurationIsVisible = 0;
			defaultConfigurationName = Release;
		};
		BDB4621A2D6ECB69006158D7 /* Build configuration list for PBXNativeTarget "VideoEditingTests" */ = {
			isa = XCConfigurationList;
			buildConfigurations = (
				BDB4621B2D6ECB69006158D7 /* Debug */,
				BDB4621C2D6ECB69006158D7 /* Release */,
			);
			defaultConfigurationIsVisible = 0;
			defaultConfigurationName = Release;
		};
		BDB4621D2D6ECB69006158D7 /* Build configuration list for PBXNativeTarget "VideoEditingUITests" */ = {
			isa = XCConfigurationList;
			buildConfigurations = (
				BDB4621E2D6ECB69006158D7 /* Debug */,
				BDB4621F2D6ECB69006158D7 /* Release */,
			);
			defaultConfigurationIsVisible = 0;
			defaultConfigurationName = Release;
		};
/* End XCConfigurationList section */
	};
	rootObject = BDB461E42D6ECB67006158D7 /* Project object */;
}
